
Microsoft Visual Studio Solution File, Format Version 12.00
# Visual Studio 15
VisualStudioVersion = 15.0.28307.489
MinimumVisualStudioVersion = 10.0.40219.1
Project("{FAE04EC0-301F-11D3-BF4B-00C04F79EFBC}") = "yurtTanitimii", "yurtTanitimii\yurtTanitimii.csproj", "{C14EEE2C-D231-4542-97F1-EA158B6E03EE}"
EndProject
Global
	GlobalSection(SolutionConfigurationPlatforms) = preSolution
		Debug|Any CPU = Debug|Any CPU
		Release|Any CPU = Release|Any CPU
	EndGlobalSection
	GlobalSection(ProjectConfigurationPlatforms) = postSolution
		{C14EEE2C-D231-4542-97F1-EA158B6E03EE}.Debug|Any CPU.ActiveCfg = Debug|Any CPU
		{C14EEE2C-D231-4542-97F1-EA158B6E03EE}.Debug|Any CPU.Build.0 = Debug|Any CPU
		{C14EEE2C-D231-4542-97F1-EA158B6E03EE}.Release|Any CPU.ActiveCfg = Release|Any CPU
		{C14EEE2C-D231-4542-97F1-EA158B6E03EE}.Release|Any CPU.Build.0 = Release|Any CPU
	EndGlobalSection
	GlobalSection(SolutionProperties) = preSolution
		HideSolutionNode = FALSE
	EndGlobalSection
	GlobalSection(ExtensibilityGlobals) = postSolution
		SolutionGuid = {DD7CEED8-7073-4369-A609-5F8A5A34B201}
	EndGlobalSection
EndGlobal
